github.com/davecgh/go-xdr v0.0.0-20161123171359-e6a2ba005892 h1:qg9VbHo1TlL0KDM0vYvBG9EY0X0Yku5WYIPoFWt8f6o=
github.com/davecgh/go-xdr v0.0.0-20161123171359-e6a2ba005892/go.mod h1:CTDl0pzVzE5DEzZhPfvhY/9sPFMQIxaJ9VAMs9AagrE=
github.com/dustin/go-humanize v1.0.0 h1:VSnTsYCnlFHaM2/igO1h6X3HA71jcobQuxemgkq4zYo=
github.com/dustin/go-humanize v1.0.0/go.mod h1:HtrtbFcZ19U5GC7JDqmcUSB87Iq5E25KnS6fMYU6eOk=
github.com/flynn/noise v1.0.0 h1:DlTHqmzmvcEiKj+4RYo/imoswx/4r6iBlCMfVtrMXpQ=
github.com/flynn/noise v1.0.0/go.mod h1:xbMo+0i6+IGbYdJhF31t2eR1BIU0CYc12+BNAKwUTag=
github.com/golang/snappy v0.0.3 h1:fHPg5GQYlCeLIPB9BZqMVR5nR9A+IM5zcgeTdjMYmLA=
github.com/golang/snappy v0.0.3/go.mod h1:/XxbfmMg8lxefKM7IXC3fBNl/7bRcc72aCRzEWrmP2Q=
github.com/gorhill/cronexpr v0.0.0-20180427100037-88b0669f7d75 h1:f0n1xnMSmBLzVfsMMvriDyA75NB/oBgILX2GcHXIQzY=
github.com/gorhill/cronexpr v0.0.0-20180427100037-88b0669f7d75/go.mod h1:g2644b03hfBX9Ov0ZBDgXXens4rxSxmqFBbhvKv2yVA=
github.com/hjson/hjson-go v3.1.0+incompatible h1:DY/9yE8ey8Zv22bY+mHV1uk2yRy0h8tKhZ77hEdi0Aw=
github.com/hjson/hjson-go v3.1.0+incompatible/go.mod h1:qsetwF8NlsTsOTwZTApNlTCerV+b2GjYRRcIk4JMFio=
github.com/klauspost/compress v1.13.1 h1:wXr2uRxZTJXHLly6qhJabee5JqIhTRoLBhDOA74hDEQ=
github.com/klauspost/compress v1.13.1/go.mod h1:8dP1Hq4DHOhN9w426knH3Rhby4rFm6D8eO+e+Dq5Gzg=
github.com/klauspost/cpuid v1.3.1 h1:5JNjFYYQrZeKRJ0734q51WCEEn2huer72Dc7K+R/b6s=
github.com/klauspost/cpuid v1.3.1/go.mod h1:bYW4mA6ZgKPob1/Dlai2LviZJO7KGI3uoWLd42rAQw4=
github.com/kr/pretty v0.2.1 h1:Fmg33tUaq4/8ym9TJN1x7sLJnHVwhP33CNkpYV/7rwI=
github.com/kr/pretty v0.2.1/go.mod h1:ipq/a2n7PKx3OHsz4KJII5eveXtPO4qwEXGdVfWzfnI=
github.com/kr/pty v1.1.1/go.mod h1:pFQYn66WHrOpPYNljwOMqo10TkYh1fy3cYio2l3bCsQ=
github.com/kr/text v0.1.0 h1:45sCR5RtlFHMR4UwH9sdQ5TC8v0qDQCHnXt+kaKSTVE=
github.com/kr/text v0.1.0/go.mod h1:4Jbv+DJW3UT/LiOwJeYQe1efqtUx/iVham/4vfdArNI=
go.cypherpunks.ru/balloon v1.1.1 h1:ypHM1DRf/XuCrp9pDkTHg00CqZX/Np/APb//iHvDJTA=
go.cypherpunks.ru/balloon v1.1.1/go.mod h1:k4s4ozrIrhpBjj78Z7LX8ZHxMQ+XE7DZUWl8gP2ojCo=
go.cypherpunks.ru/recfile v0.4.3 h1:ephokihmV//p0ob6gx2FWXvm28/NBDbWTOJPUNahxO8=
go.cypherpunks.ru/recfile v0.4.3/go.mod h1:sR+KajB+vzofL3SFVFwKt3Fke0FaCcN1g3YPNAhU3qI=
golang.org/x/crypto v0.0.0-20210322153248-0c34fe9e7dc2/go.mod h1:T9bdIzuCu7OtxOm1hfPfRQxPLYneinmdGuTeoZ9dtd4=
golang.org/x/crypto v0.0.0-20210711020723-a769d52b0f97 h1:/UOmuWzQfxxo9UtlXMwuQU8CMgg1eZXqTRwkSQJWKOI=
golang.org/x/crypto v0.0.0-20210711020723-a769d52b0f97/go.mod h1:GvvjBRRGRdwPK5ydBHafDWAxML/pGHZbMvKqRZ5+Abc=
golang.org/x/net v0.0.0-20210226172049-e18ecbb05110/go.mod h1:m0MpNAwzfU5UDzcl9v0D8zg8gWTRqZa9RBIspLL5mdg=
golang.org/x/net v0.0.0-20210614182718-04defd469f4e h1:XpT3nA5TvE525Ne3hInMh6+GETgn27Zfm9dxsThnX2Q=
golang.org/x/net v0.0.0-20210614182718-04defd469f4e/go.mod h1:9nx3DQGgdP8bBQD5qxJ1jj9UTztislL4KSBs9R2vV5Y=
golang.org/x/sys v0.0.0-20201119102817-f84b799fce68/go.mod h1:h1NjWce9XRLGQEsW7wpKNCjG9DtNlClVuFLEZdDNbEs=
golang.org/x/sys v0.0.0-20210423082822-04245dca01da/go.mod h1:h1NjWce9XRLGQEsW7wpKNCjG9DtNlClVuFLEZdDNbEs=
golang.org/x/sys v0.0.0-20210615035016-665e8c7367d1/go.mod h1:oPkhp1MJrh7nUepCBck5+mAzfO9JrbApNNgaTdGDITg=
golang.org/x/sys v0.0.0-20210630005230-0f9fa26af87c h1:F1jZWGFhYfh0Ci55sIpILtKKK8p3i2/krTr0H1rg74I=
golang.org/x/sys v0.0.0-20210630005230-0f9fa26af87c/go.mod h1:oPkhp1MJrh7nUepCBck5+mAzfO9JrbApNNgaTdGDITg=
golang.org/x/term v0.0.0-20201126162022-7de9c90e9dd1/go.mod h1:bj7SfCRtBDWHUb9snDiAeCFNEtKQo2Wmx5Cou7ajbmo=
golang.org/x/term v0.0.0-20210615171337-6886f2dfbf5b h1:9zKuko04nR4gjZ4+DNjHqRlAJqbJETHwiNKDqTfOjfE=
golang.org/x/term v0.0.0-20210615171337-6886f2dfbf5b/go.mod h1:jbD1KX2456YbFQfuXm/mYQcufACuNUgVhRMnK/tPxf8=
golang.org/x/text v0.3.3/go.mod h1:5Zoc/QRtKVWzQhOtBMvqHzDpF6irO9z98xDceosuGiQ=
golang.org/x/text v0.3.6/go.mod h1:5Zoc/QRtKVWzQhOtBMvqHzDpF6irO9z98xDceosuGiQ=
golang.org/x/tools v0.0.0-20180917221912-90fa682c2a6e/go.mod h1:n7NCudcB/nEzxVGmLbDWY5pfWTLqBcC2KZ6jyYvM4mQ=
gopkg.in/check.v1 v1.0.0-20201130134442-10cb98267c6c h1:Hei/4ADfdWqJk1ZMxUNpqntNwaWcugrBjAiHlqqRiVk=
gopkg.in/check.v1 v1.0.0-20201130134442-10cb98267c6c/go.mod h1:JHkPIbrfpd72SG/EVd6muEfDQjcINNoR0C8j2r3qZ4Q=
lukechampine.com/blake3 v1.1.5 h1:hsACfxWvLdGmjYbWGrumQIphOvO+ZruZehWtgd2fxoM=
lukechampine.com/blake3 v1.1.5/go.mod h1:hE8RpzdO8ttZ7446CXEwDP1eu2V4z7stv0Urj1El20g=
